lockfileVersion: '9.0'

settings:
  autoInstallPeers: true
  excludeLinksFromLockfile: false

importers:

  .:
    dependencies:
      '@openai/codex':
        specifier: 0.159.0
        version: 0.159.0

packages:

  '@openai/codex-darwin-arm64@0.159.0-darwin-arm64':
    resolution: {integrity: sha512-D1x+5n2y0TE43ERJs3CbBDRPLQl968hpqsInOwYNhfnTOTT53McpfFa6+VfPWwmPi0zW0aJ0C97K+6MhNHYe6A==}
    engines: {node: '>=16'}
    cpu: [arm64]
    os: [darwin]
    aliasOf: '@openai/codex'

  '@openai/codex-darwin-x64@0.159.0-darwin-x64':
    resolution: {integrity: sha512-uNsvmDAYH2H7/uJi3NYtn0d+bpMHgovZyZwm62Q8q/cdd1rp5oEbk2Axe5pbyiWFwSpjdT6fbuY8gTdX2i7zjg==}
    engines: {node: '>=16'}
    cpu: [x64]
    os: [darwin]
    aliasOf: '@openai/codex'

  '@openai/codex-linux-arm64@0.159.0-linux-arm64':
    resolution: {integrity: sha512-cm7ihiXIZILGQPWgak3ApOcRZ6beupDNPHVAJ9CyHxZSQPsTy6CSYg1GYLVe2DlRUQYprnXHZceOgheXo0PvHA==}
    engines: {node: '>=16'}
    cpu: [arm64]
    os: [linux]
    aliasOf: '@openai/codex'

  '@openai/codex-linux-x64@0.159.0-linux-x64':
    resolution: {integrity: sha512-7ks+EeQjX33wfJXbggseyF0CJRFVgzDHA6BzC7mJjFsJKmdAuOFWMFeMeZe8vL/G6xEpL29wOdwR85sK49F0iA==}
    engines: {node: '>=16'}
    cpu: [x64]
    os: [linux]
    aliasOf: '@openai/codex'

  '@openai/codex-win32-arm64@0.159.0-win32-arm64':
    resolution: {integrity: sha512-o4oHXi4IONlLyMRHOIxXTPG1OdbD7Pxmqd2AcYRWHXP1YjrdqdEQozqQLU05rdYGcfrwBwcBqPpGO9LLVHd0fg==}
    engines: {node: '>=16'}
    cpu: [arm64]
    os: [win32]
    aliasOf: '@openai/codex'

  '@openai/codex-win32-x64@0.159.0-win32-x64':
    resolution: {integrity: sha512-Fp+TghoUzxOguHj/WAxOIZCIJpTOb4pB9p90tf6+g2PSTWSCvqpawwxPmDuCMxKs8Sn1gO5zP621PoCkBt5cuQ==}
    engines: {node: '>=16'}
    cpu: [x64]
    os: [win32]
    aliasOf: '@openai/codex'

  '@openai/codex@0.159.0':
    resolution: {integrity: sha512-nQWxAkzn+Rhr8TgtIhVhSlqvCytrMoqe+P8xoo4xxhCIBnzOfRs6SEmkMJfTPjkU3BYlsplwDOY2dbSp4+514g==}
    engines: {node: '>=16'}
    hasBin: true

snapshots:

  '@openai/codex-darwin-arm64@0.159.0-darwin-arm64':
    optional: true

  '@openai/codex-darwin-x64@0.159.0-darwin-x64':
    optional: true

  '@openai/codex-linux-arm64@0.159.0-linux-arm64':
    optional: true

  '@openai/codex-linux-x64@0.159.0-linux-x64':
    optional: true

  '@openai/codex-win32-arm64@0.159.0-win32-arm64':
    optional: true

  '@openai/codex-win32-x64@0.159.0-win32-x64':
    optional: true

  '@openai/codex@0.159.0':
    optionalDependencies:
      '@openai/codex-darwin-arm64': 0.159.0-darwin-arm64
      '@openai/codex-darwin-x64': 0.159.0-darwin-x64
      '@openai/codex-linux-arm64': 0.159.0-linux-arm64
      '@openai/codex-linux-x64': 0.159.0-linux-x64
      '@openai/codex-win32-arm64': 0.159.0-win32-arm64
      '@openai/codex-win32-x64': 0.159.0-win32-x64
