# @generated - this file is auto-generated by `mise lock` https://mise.jdx.dev/dev-tools/mise-lock.html

lockfile_version = 3

[[tools."aqua:anomalyco/opencode"]]
version = "1.18.33"
backend = "aqua:anomalyco/opencode"
specifiers = ["latest"]

[tools."aqua:anomalyco/opencode"."platforms.linux-arm64"]
checksum = "sha256:c63486624621924bf43be5c01abd252885661a734814224f6d70188a33aea858"
url = "https://github.com/anomalyco/opencode/releases/download/v1.18.33/opencode-linux-arm64.tar.gz"
url_api = "https://api.github.com/repos/anomalyco/opencode/releases/assets/594449121"

[tools."aqua:anomalyco/opencode"."platforms.linux-x64"]
checksum = "sha256:e546123213ae47909a4268692aa4b94950d011afe9cac9938753a2194f1c16d5"
url = "https://github.com/anomalyco/opencode/releases/download/v1.18.33/opencode-linux-x64.tar.gz"
url_api = "https://api.github.com/repos/anomalyco/opencode/releases/assets/594449176"

[[tools."aqua:anthropics/claude-code"]]
version = "2.1.284"
backend = "aqua:anthropics/claude-code"
specifiers = ["latest"]

[tools."aqua:anthropics/claude-code"."platforms.linux-arm64"]
checksum = "sha256:671804ae4f461cf9508b39d676046724ec9fef0bf602e4f77471825d77eec2c7"
url = "https://github.com/anthropics/claude-code/releases/download/v2.1.284/claude-linux-arm64.tar.gz"
url_api = "https://api.github.com/repos/anthropics/claude-code/releases/assets/595943847"

[tools."aqua:anthropics/claude-code"."platforms.linux-x64"]
checksum = "sha256:3e143fd5753fda1d150dd081ff7c584d0eb5b85cc259729e5429957ed9de202e"
url = "https://github.com/anthropics/claude-code/releases/download/v2.1.284/claude-linux-x64.tar.gz"
url_api = "https://api.github.com/repos/anthropics/claude-code/releases/assets/595944060"

[[tools."aqua:google-antigravity/antigravity-cli"]]
version = "1.2.13"
backend = "aqua:google-antigravity/antigravity-cli"
specifiers = ["latest"]

[tools."aqua:google-antigravity/antigravity-cli"."platforms.linux-arm64"]
checksum = "sha256:43bf59be5895475f8a32d4f94f1241f665986ea41a3622579e03b74e1b63dcfb"
url = "https://github.com/google-antigravity/antigravity-cli/releases/download/1.2.13/agy_cli_linux_arm64.tar.gz"
url_api = "https://api.github.com/repos/google-antigravity/antigravity-cli/releases/assets/597191969"

[tools."aqua:google-antigravity/antigravity-cli"."platforms.linux-x64"]
checksum = "sha256:b0f195d37973be7b08c3b705d7fbbcd948dacb4a3c2176ee52ca29f7159bdc21"
url = "https://github.com/google-antigravity/antigravity-cli/releases/download/1.2.13/agy_cli_linux_x64.tar.gz"
url_api = "https://api.github.com/repos/google-antigravity/antigravity-cli/releases/assets/597191972"

[[tools."aqua:jetify-com/devbox"]]
version = "0.18.4"
backend = "aqua:jetify-com/devbox"
specifiers = ["latest"]

[tools."aqua:jetify-com/devbox"."platforms.linux-arm64"]
checksum = "sha256:313ecedab221aa674484a5815006e17a065ba3bfd07ab6de8aeab38fa483db27"
url = "https://github.com/jetify-com/devbox/releases/download/0.18.4/devbox_0.18.4_linux_arm64.tar.gz"
url_api = "https://api.github.com/repos/jetify-com/devbox/releases/assets/588943536"

[tools."aqua:jetify-com/devbox"."platforms.linux-x64"]
checksum = "sha256:4a466a8788186da73f3c692697917c79452b758f40b454b4761e6d1fcd2acad9"
url = "https://github.com/jetify-com/devbox/releases/download/0.18.4/devbox_0.18.4_linux_amd64.tar.gz"
url_api = "https://api.github.com/repos/jetify-com/devbox/releases/assets/588943531"

[[tools.cargo-binstall]]
version = "1.24.0"
backend = "aqua:cargo-bins/cargo-binstall"
specifiers = ["latest"]

[tools.cargo-binstall."platforms.linux-arm64"]
checksum = "sha256:fa5d4362758d13c38c6630260528c895b535e96afeed08ed7003caf722524ab9"
url = "https://github.com/cargo-bins/cargo-binstall/releases/download/v1.24.0/cargo-binstall-aarch64-unknown-linux-gnu.tgz"
url_api = "https://api.github.com/repos/cargo-bins/cargo-binstall/releases/assets/590639427"
provenance = "github-attestations"

[tools.cargo-binstall."platforms.linux-x64"]
checksum = "sha256:ab139b59b86ce14baf9a8da0592dd4c73fdc8b8a7d74a9746881bd68d411f4d8"
url = "https://github.com/cargo-bins/cargo-binstall/releases/download/v1.24.0/cargo-binstall-x86_64-unknown-linux-gnu.tgz"
url_api = "https://api.github.com/repos/cargo-bins/cargo-binstall/releases/assets/590638764"
provenance = "github-attestations"

[[tools."cargo:cargo-audit"]]
version = "0.22.2"
backend = "cargo:cargo-audit"
specifiers = ["latest"]

[[tools."cargo:cargo-bloat"]]
version = "0.12.1"
backend = "cargo:cargo-bloat"
specifiers = ["latest"]

[[tools."cargo:cargo-edit"]]
version = "0.13.13"
backend = "cargo:cargo-edit"
specifiers = ["latest"]

[[tools."cargo:cargo-expand"]]
version = "1.0.126"
backend = "cargo:cargo-expand"
specifiers = ["latest"]

[[tools."cargo:cargo-geiger"]]
version = "0.13.0"
backend = "cargo:cargo-geiger"
specifiers = ["latest"]

[[tools."cargo:cargo-nextest"]]
version = "0.9.146"
backend = "cargo:cargo-nextest"
specifiers = ["latest"]

[[tools."cargo:cargo-show-asm"]]
version = "0.2.63"
backend = "cargo:cargo-show-asm"
specifiers = ["latest"]

[[tools."cargo:cargo-sweep"]]
version = "0.8.0"
backend = "cargo:cargo-sweep"
specifiers = ["latest"]

[[tools."cargo:flamegraph"]]
version = "0.6.14"
backend = "cargo:flamegraph"
specifiers = ["latest"]

[[tools."cargo:samply"]]
version = "0.13.1"
backend = "cargo:samply"
specifiers = ["latest"]

[[tools.gh]]
version = "2.101.0"
backend = "aqua:cli/cli"
specifiers = ["latest"]

[tools.gh."platforms.linux-arm64"]
checksum = "sha256:b57e8063f18862647c9d22727c32e9da1b963f8bf9db648fe123a6975695640f"
url = "https://github.com/cli/cli/releases/download/v2.101.0/gh_2.101.0_linux_arm64.tar.gz"
url_api = "https://api.github.com/repos/cli/cli/releases/assets/565857147"
provenance = "github-attestations"

[tools.gh."platforms.linux-x64"]
checksum = "sha256:9bca2d1c16825f109907a23307628a2f0698fbf99662b73a5cf0b020293072b8"
url = "https://github.com/cli/cli/releases/download/v2.101.0/gh_2.101.0_linux_amd64.tar.gz"
url_api = "https://api.github.com/repos/cli/cli/releases/assets/565857134"
provenance = "github-attestations"

[[tools.jq]]
version = "1.8.2"
backend = "aqua:jqlang/jq"
specifiers = ["latest"]

[tools.jq."platforms.linux-arm64"]
checksum = "sha256:8b85c817833814ddca00a144c33705546355afccf0cf39b188f3cdb48b852309"
url = "https://github.com/jqlang/jq/releases/download/jq-1.8.2/jq-linux-arm64"
url_api = "https://api.github.com/repos/jqlang/jq/releases/assets/453012756"
provenance = "github-attestations"

[tools.jq."platforms.linux-x64"]
checksum = "sha256:b1c22172dd303f3be49e935aa56aa48a8b7a46e0bc838b4997d3bb451495870f"
url = "https://github.com/jqlang/jq/releases/download/jq-1.8.2/jq-linux-amd64"
url_api = "https://api.github.com/repos/jqlang/jq/releases/assets/453012752"
provenance = "github-attestations"

[[tools.node]]
version = "26.10.0"
backend = "core:node"
specifiers = ["latest"]

[tools.node."platforms.linux-arm64"]
checksum = "sha256:423a41bff8e2a2fa15e702fefe2919ef95823b2378744daccb8439302534b44f"
url = "https://nodejs.org/dist/v26.10.0/node-v26.10.0-linux-arm64.tar.gz"

[tools.node."platforms.linux-x64"]
checksum = "sha256:cb5c9ce9c80d7b8821e3a258543c71b939138cf17c74d5cc44bbe85d6dbc5ad8"
url = "https://nodejs.org/dist/v26.10.0/node-v26.10.0-linux-x64.tar.gz"

[[tools."npm:@openai/codex"]]
version = "0.159.0"
aube = { path = ".mise/locks/npm-openai-codex/0.159.0", digest = "sha256:327caae406329b9372d79a72269b35c39ac2b6d6bdbe10370460211df51aabd2" }
backend = "npm:@openai/codex"
specifiers = ["latest"]

[[tools."npm:@yarnpkg/cli-dist"]]
version = "4.18.1"
aube = { path = ".mise/locks/npm-yarnpkg-cli-dist/4.18.1", digest = "sha256:5dd087387a3d871bb0ec31fb7eb7d3160af85935d9abd0481619571b8f759196" }
backend = "npm:@yarnpkg/cli-dist"
specifiers = ["latest"]

[[tools.pnpm]]
version = "12.8.1"
backend = "aqua:pnpm/pnpm"
specifiers = ["latest"]

[tools.pnpm."platforms.linux-arm64"]
checksum = "sha256:75c5e34d3164fe3d3549580b1b1b59c9dd16543e558dec722b686193cdb7dfa1"
url = "https://github.com/pnpm/pnpm/releases/download/v12.8.1/pnpm-linux-arm64.tar.gz"
url_api = "https://api.github.com/repos/pnpm/pnpm/releases/assets/595935899"
provenance = "github-attestations"

[tools.pnpm."platforms.linux-x64"]
checksum = "sha256:db3906881f63e41b655e3b97d473603dc26326c2470d0b1b8083689e1bcbd1e8"
url = "https://github.com/pnpm/pnpm/releases/download/v12.8.1/pnpm-linux-x64.tar.gz"
url_api = "https://api.github.com/repos/pnpm/pnpm/releases/assets/595935887"
provenance = "github-attestations"

[[tools.python]]
version = "3.14.7"
backend = "core:python"
specifiers = ["latest"]

[tools.python."platforms.linux-arm64"]
checksum = "sha256:d922413468a276e69a132b79fb7493faa46ef2e85b1a29844d3af1f7710ab5bd"
url = "https://github.com/astral-sh/python-build-standalone/releases/download/20260924/cpython-3.14.7+20260924-aarch64-unknown-linux-gnu-install_only_stripped.tar.gz"
provenance = "github-attestations"

[tools.python."platforms.linux-x64"]
checksum = "sha256:bd0d0568ccded07bbf1c87727230dc5dd0187e706a87da23c4de78388a229b78"
url = "https://github.com/astral-sh/python-build-standalone/releases/download/20260924/cpython-3.14.7+20260924-x86_64-unknown-linux-gnu-install_only_stripped.tar.gz"
provenance = "github-attestations"

[[tools.ripgrep]]
version = "15.2.0"
backend = "aqua:BurntSushi/ripgrep"
specifiers = ["latest"]

[tools.ripgrep."platforms.linux-arm64"]
checksum = "sha256:a740b91c82eaf9914cfedd353572f2791cbe0162c84101ee0951058f4dcbc90d"
url = "https://github.com/BurntSushi/ripgrep/releases/download/15.2.0/ripgrep-15.2.0-aarch64-unknown-linux-gnu.tar.gz"
url_api = "https://api.github.com/repos/BurntSushi/ripgrep/releases/assets/478119579"

[tools.ripgrep."platforms.linux-x64"]
checksum = "sha256:33e15bcf1624b25cdd2a55813a47a2f95dbe126268203e76aa6a585d1e7b149c"
url = "https://github.com/BurntSushi/ripgrep/releases/download/15.2.0/ripgrep-15.2.0-x86_64-unknown-linux-musl.tar.gz"
url_api = "https://api.github.com/repos/BurntSushi/ripgrep/releases/assets/478120097"

[[tools.rust]]
version = "stable"
backend = "core:rust"
specifiers = ["stable"]

[tools.rust.options]
components = "rust-src"

[[tools.rust]]
version = "nightly-2026-09-29"
backend = "core:rust"
specifiers = ["nightly"]

[tools.rust.options]
components = "miri,rust-src"

[[tools.sccache]]
version = "0.18.0"
backend = "aqua:mozilla/sccache"
specifiers = ["latest"]

[tools.sccache."platforms.linux-arm64"]
checksum = "sha256:2b3284d5da3b46a47dc4229e75bb7b88ac4aa99c8d754fb7d2f84997e5a4354a"
url = "https://github.com/mozilla/sccache/releases/download/v0.18.0/sccache-v0.18.0-aarch64-unknown-linux-musl.tar.gz"
url_api = "https://api.github.com/repos/mozilla/sccache/releases/assets/563129830"

[tools.sccache."platforms.linux-x64"]
checksum = "sha256:45f1447fbe231e3037bde351ef70677dd212216c8d62ae7ca409fecc4d6acc89"
url = "https://github.com/mozilla/sccache/releases/download/v0.18.0/sccache-v0.18.0-x86_64-unknown-linux-musl.tar.gz"
url_api = "https://api.github.com/repos/mozilla/sccache/releases/assets/563130201"
