lockfileVersion: '9.0'

settings:
  autoInstallPeers: true
  excludeLinksFromLockfile: false

importers:

  .:
    dependencies:
      '@openai/codex':
        specifier: 0.158.0
        version: 0.158.0

packages:

  '@openai/codex-darwin-arm64@0.158.0-darwin-arm64':
    resolution: {integrity: sha512-0OKSjlWY1j4Ld1fT87QttNw3Y2SthcXi4GcrWSHjleZg1n86eG3+shJl4Pv+siUmsBJhWlNmm6rRO4Yv8ZyQLg==}
    engines: {node: '>=16'}
    cpu: [arm64]
    os: [darwin]
    aliasOf: '@openai/codex'

  '@openai/codex-darwin-x64@0.158.0-darwin-x64':
    resolution: {integrity: sha512-FrX1o3APrL7F6QkO8z08Rq8lJitH2sNI7pkebA02eYA103hDs3fyy9d32zeLLQJUeAhmZA4pV9xJR4m7cVyNpQ==}
    engines: {node: '>=16'}
    cpu: [x64]
    os: [darwin]
    aliasOf: '@openai/codex'

  '@openai/codex-linux-arm64@0.158.0-linux-arm64':
    resolution: {integrity: sha512-T9AgGcoU7HNsxJ4prT/R9YvztyEmz9kWP/VlT2cbCop4PVwiqfG9YMJtLo4j2ScewvSaTl4sQFwla+fwGpoRZg==}
    engines: {node: '>=16'}
    cpu: [arm64]
    os: [linux]
    aliasOf: '@openai/codex'

  '@openai/codex-linux-x64@0.158.0-linux-x64':
    resolution: {integrity: sha512-mY12GZPM8TuOWVGxCyNV2NSA8t1uIupm9Nhu9VeQVEvvxBKN08U8bLH+vn7oISUHZPC8bwhROIbo/ZUxqV6XMg==}
    engines: {node: '>=16'}
    cpu: [x64]
    os: [linux]
    aliasOf: '@openai/codex'

  '@openai/codex-win32-arm64@0.158.0-win32-arm64':
    resolution: {integrity: sha512-Jw1u0q0+5PG97jPkINxE3UCFtsYBN8Af+IjjM0zlCO675Sv5lNsXU2K9aIaXwVeQIKw8q2lbPAR4SEkq2rSOoA==}
    engines: {node: '>=16'}
    cpu: [arm64]
    os: [win32]
    aliasOf: '@openai/codex'

  '@openai/codex-win32-x64@0.158.0-win32-x64':
    resolution: {integrity: sha512-IaUmY11Zdqa/Zok6kE0Z5375pXtClKRbS8P1Gh2C73Aq65CaGn9N8gT6BXGC3+XD6yamAIiEQW5xM842UCCGow==}
    engines: {node: '>=16'}
    cpu: [x64]
    os: [win32]
    aliasOf: '@openai/codex'

  '@openai/codex@0.158.0':
    resolution: {integrity: sha512-GBhcKpQmVLsCtEP5mUf6WFye6QQgTKotwsXrYPM0GFmEsoOSahik6hkf2FHabX9kZBl0Y0/PQowLu7uYMKT8dg==}
    engines: {node: '>=16'}
    hasBin: true

snapshots:

  '@openai/codex-darwin-arm64@0.158.0-darwin-arm64':
    optional: true

  '@openai/codex-darwin-x64@0.158.0-darwin-x64':
    optional: true

  '@openai/codex-linux-arm64@0.158.0-linux-arm64':
    optional: true

  '@openai/codex-linux-x64@0.158.0-linux-x64':
    optional: true

  '@openai/codex-win32-arm64@0.158.0-win32-arm64':
    optional: true

  '@openai/codex-win32-x64@0.158.0-win32-x64':
    optional: true

  '@openai/codex@0.158.0':
    optionalDependencies:
      '@openai/codex-darwin-arm64': 0.158.0-darwin-arm64
      '@openai/codex-darwin-x64': 0.158.0-darwin-x64
      '@openai/codex-linux-arm64': 0.158.0-linux-arm64
      '@openai/codex-linux-x64': 0.158.0-linux-x64
      '@openai/codex-win32-arm64': 0.158.0-win32-arm64
      '@openai/codex-win32-x64': 0.158.0-win32-x64
