# @generated - this file is auto-generated by `mise lock` https://mise.jdx.dev/dev-tools/mise-lock.html

lockfile_version = 3

[[tools."aqua:anomalyco/opencode"]]
version = "1.18.35"
backend = "aqua:anomalyco/opencode"
specifiers = ["latest"]

[tools."aqua:anomalyco/opencode"."platforms.linux-arm64"]
checksum = "sha256:f7f2ba59ee8aa94d388f9696575a32d20e71c2ee48def9f80fc693a60fec6c72"
url = "https://github.com/anomalyco/opencode/releases/download/v1.18.35/opencode-linux-arm64.tar.gz"
url_api = "https://api.github.com/repos/anomalyco/opencode/releases/assets/616520289"

[tools."aqua:anomalyco/opencode"."platforms.linux-x64"]
checksum = "sha256:c8f888b451f5494a18f858fffb0e0b68f4e4baa9c241761c5f206884f0fa640d"
url = "https://github.com/anomalyco/opencode/releases/download/v1.18.35/opencode-linux-x64.tar.gz"
url_api = "https://api.github.com/repos/anomalyco/opencode/releases/assets/616520362"

[[tools."aqua:anthropics/claude-code"]]
version = "2.1.292"
backend = "aqua:anthropics/claude-code"
specifiers = ["latest"]

[tools."aqua:anthropics/claude-code"."platforms.linux-arm64"]
checksum = "sha256:3b2b5f594bef12054b00e6cb61cddcc0900150e0a22a0ff822a0515bc17b1230"
url = "https://github.com/anthropics/claude-code/releases/download/v2.1.292/claude-linux-arm64.tar.gz"
url_api = "https://api.github.com/repos/anthropics/claude-code/releases/assets/616117001"

[tools."aqua:anthropics/claude-code"."platforms.linux-x64"]
checksum = "sha256:7045cd790b2c7b8cc6169d061aec7274d37a6a0d8ed318a6ff8868262433b1f9"
url = "https://github.com/anthropics/claude-code/releases/download/v2.1.292/claude-linux-x64.tar.gz"
url_api = "https://api.github.com/repos/anthropics/claude-code/releases/assets/616117246"

[[tools."aqua:google-antigravity/antigravity-cli"]]
version = "1.3.1"
backend = "aqua:google-antigravity/antigravity-cli"
specifiers = ["latest"]

[tools."aqua:google-antigravity/antigravity-cli"."platforms.linux-arm64"]
checksum = "sha256:f96efec99c8bda0d316867622e65f7920ba0c2b74a62d69fcd4ed13e0e84119d"
url = "https://github.com/google-antigravity/antigravity-cli/releases/download/1.3.1/agy_cli_linux_arm64.tar.gz"
url_api = "https://api.github.com/repos/google-antigravity/antigravity-cli/releases/assets/617433682"

[tools."aqua:google-antigravity/antigravity-cli"."platforms.linux-x64"]
checksum = "sha256:0e313b309ea58c71431ce86bb820936a3700e17e44eabce7bf2264617dc822db"
url = "https://github.com/google-antigravity/antigravity-cli/releases/download/1.3.1/agy_cli_linux_x64.tar.gz"
url_api = "https://api.github.com/repos/google-antigravity/antigravity-cli/releases/assets/617433675"

[[tools."aqua:jetify-com/devbox"]]
version = "0.18.4"
backend = "aqua:jetify-com/devbox"
specifiers = ["latest"]

[tools."aqua:jetify-com/devbox"."platforms.linux-arm64"]
checksum = "sha256:313ecedab221aa674484a5815006e17a065ba3bfd07ab6de8aeab38fa483db27"
url = "https://github.com/jetify-com/devbox/releases/download/0.18.4/devbox_0.18.4_linux_arm64.tar.gz"
url_api = "https://api.github.com/repos/jetify-com/devbox/releases/assets/588943536"

[tools."aqua:jetify-com/devbox"."platforms.linux-x64"]
checksum = "sha256:4a466a8788186da73f3c692697917c79452b758f40b454b4761e6d1fcd2acad9"
url = "https://github.com/jetify-com/devbox/releases/download/0.18.4/devbox_0.18.4_linux_amd64.tar.gz"
url_api = "https://api.github.com/repos/jetify-com/devbox/releases/assets/588943531"

[[tools.cargo-binstall]]
version = "1.25.2"
backend = "aqua:cargo-bins/cargo-binstall"
specifiers = ["latest"]

[tools.cargo-binstall."platforms.linux-arm64"]
checksum = "sha256:de0877ebf0ccf3e6901c1a2b0d33a3033acba0555df2cd4ca0fde1566577b9f9"
url = "https://github.com/cargo-bins/cargo-binstall/releases/download/v1.25.2/cargo-binstall-aarch64-unknown-linux-gnu.tgz"
url_api = "https://api.github.com/repos/cargo-bins/cargo-binstall/releases/assets/615575955"
provenance = "github-attestations"

[tools.cargo-binstall."platforms.linux-x64"]
checksum = "sha256:ca1217094690d15606c050e3d085bc03ce6fe12486de9a815d85dae345bb6803"
url = "https://github.com/cargo-bins/cargo-binstall/releases/download/v1.25.2/cargo-binstall-x86_64-unknown-linux-gnu.tgz"
url_api = "https://api.github.com/repos/cargo-bins/cargo-binstall/releases/assets/615574063"
provenance = "github-attestations"

[[tools."cargo:cargo-audit"]]
version = "0.22.2"
backend = "cargo:cargo-audit"
specifiers = ["latest"]

[[tools."cargo:cargo-bloat"]]
version = "0.12.1"
backend = "cargo:cargo-bloat"
specifiers = ["latest"]

[[tools."cargo:cargo-edit"]]
version = "0.13.13"
backend = "cargo:cargo-edit"
specifiers = ["latest"]

[[tools."cargo:cargo-expand"]]
version = "1.0.126"
backend = "cargo:cargo-expand"
specifiers = ["latest"]

[[tools."cargo:cargo-geiger"]]
version = "0.13.0"
backend = "cargo:cargo-geiger"
specifiers = ["latest"]

[[tools."cargo:cargo-nextest"]]
version = "0.9.146"
backend = "cargo:cargo-nextest"
specifiers = ["latest"]

[[tools."cargo:cargo-show-asm"]]
version = "0.2.63"
backend = "cargo:cargo-show-asm"
specifiers = ["latest"]

[[tools."cargo:cargo-sweep"]]
version = "0.8.0"
backend = "cargo:cargo-sweep"
specifiers = ["latest"]

[[tools."cargo:cargo-zigbuild"]]
version = "0.23.4"
backend = "cargo:cargo-zigbuild"
specifiers = ["latest"]

[[tools."cargo:cross"]]
version = "0.2.5"
backend = "cargo:cross"
specifiers = ["latest"]

[[tools."cargo:flamegraph"]]
version = "0.6.14"
backend = "cargo:flamegraph"
specifiers = ["latest"]

[[tools."cargo:samply"]]
version = "0.13.1"
backend = "cargo:samply"
specifiers = ["latest"]

[[tools.gh]]
version = "2.102.0"
backend = "aqua:cli/cli"
specifiers = ["latest"]

[tools.gh."platforms.linux-arm64"]
checksum = "sha256:7862c86c72f43df3a2d93ddde6f473285b4e2af61b494849846827e513ef6484"
url = "https://github.com/cli/cli/releases/download/v2.102.0/gh_2.102.0_linux_arm64.tar.gz"
url_api = "https://api.github.com/repos/cli/cli/releases/assets/599854680"
provenance = "github-attestations"

[tools.gh."platforms.linux-x64"]
checksum = "sha256:bb766f710eef8ede859c18578c72c327597cd4c8a85b06001b1f3843c6019386"
url = "https://github.com/cli/cli/releases/download/v2.102.0/gh_2.102.0_linux_amd64.tar.gz"
url_api = "https://api.github.com/repos/cli/cli/releases/assets/599854672"
provenance = "github-attestations"

[[tools.jq]]
version = "1.8.2"
backend = "aqua:jqlang/jq"
specifiers = ["latest"]

[tools.jq."platforms.linux-arm64"]
checksum = "sha256:8b85c817833814ddca00a144c33705546355afccf0cf39b188f3cdb48b852309"
url = "https://github.com/jqlang/jq/releases/download/jq-1.8.2/jq-linux-arm64"
url_api = "https://api.github.com/repos/jqlang/jq/releases/assets/453012756"
provenance = "github-attestations"

[tools.jq."platforms.linux-x64"]
checksum = "sha256:b1c22172dd303f3be49e935aa56aa48a8b7a46e0bc838b4997d3bb451495870f"
url = "https://github.com/jqlang/jq/releases/download/jq-1.8.2/jq-linux-amd64"
url_api = "https://api.github.com/repos/jqlang/jq/releases/assets/453012752"
provenance = "github-attestations"

[[tools.node]]
version = "26.10.0"
backend = "core:node"
specifiers = ["latest"]

[tools.node."platforms.linux-arm64"]
checksum = "sha256:423a41bff8e2a2fa15e702fefe2919ef95823b2378744daccb8439302534b44f"
url = "https://nodejs.org/dist/v26.10.0/node-v26.10.0-linux-arm64.tar.gz"

[tools.node."platforms.linux-x64"]
checksum = "sha256:cb5c9ce9c80d7b8821e3a258543c71b939138cf17c74d5cc44bbe85d6dbc5ad8"
url = "https://nodejs.org/dist/v26.10.0/node-v26.10.0-linux-x64.tar.gz"

[[tools."npm:@openai/codex"]]
version = "0.160.1"
aube = { path = ".mise/locks/npm-openai-codex/0.160.1", digest = "sha256:32cfd4e1c4bf76d05e5f1be482fdff648d13e05d1638c1a1fd255fc826758714" }
backend = "npm:@openai/codex"
specifiers = ["latest"]

[[tools."npm:@yarnpkg/cli-dist"]]
version = "4.18.1"
aube = { path = ".mise/locks/npm-yarnpkg-cli-dist/4.18.1", digest = "sha256:5dd087387a3d871bb0ec31fb7eb7d3160af85935d9abd0481619571b8f759196" }
backend = "npm:@yarnpkg/cli-dist"
specifiers = ["latest"]

[[tools.pnpm]]
version = "12.9.1"
backend = "aqua:pnpm/pnpm"
specifiers = ["latest"]

[tools.pnpm."platforms.linux-arm64"]
checksum = "sha256:468294b77633d29889c6e4a79cefb1277eba30cd62e7d6a754218cb85a1d730d"
url = "https://github.com/pnpm/pnpm/releases/download/v12.9.1/pnpm-linux-arm64.tar.gz"
url_api = "https://api.github.com/repos/pnpm/pnpm/releases/assets/608496442"
provenance = "github-attestations"

[tools.pnpm."platforms.linux-x64"]
checksum = "sha256:b4f58449ac02d9d24023ac89e17e05e8331f8ddc12ca1f489cf231bc2bb2bce1"
url = "https://github.com/pnpm/pnpm/releases/download/v12.9.1/pnpm-linux-x64.tar.gz"
url_api = "https://api.github.com/repos/pnpm/pnpm/releases/assets/608496438"
provenance = "github-attestations"

[[tools.python]]
version = "3.14.8"
backend = "core:python"
specifiers = ["latest"]

[tools.python."platforms.linux-arm64"]
checksum = "sha256:ece2bf3d4b47c80c2403c5f32fa51a9458abaee93c10def8acafb5f45163e77d"
url = "https://github.com/astral-sh/python-build-standalone/releases/download/20261003/cpython-3.14.8+20261003-aarch64-unknown-linux-gnu-install_only_stripped.tar.gz"
provenance = "github-attestations"

[tools.python."platforms.linux-x64"]
checksum = "sha256:d9ec7a6935ade8b671a57ebaf111083d7314eab8dae5071d167054dadd2b97d6"
url = "https://github.com/astral-sh/python-build-standalone/releases/download/20261003/cpython-3.14.8+20261003-x86_64-unknown-linux-gnu-install_only_stripped.tar.gz"
provenance = "github-attestations"

[[tools.ripgrep]]
version = "15.2.0"
backend = "aqua:BurntSushi/ripgrep"
specifiers = ["latest"]

[tools.ripgrep."platforms.linux-arm64"]
checksum = "sha256:a740b91c82eaf9914cfedd353572f2791cbe0162c84101ee0951058f4dcbc90d"
url = "https://github.com/BurntSushi/ripgrep/releases/download/15.2.0/ripgrep-15.2.0-aarch64-unknown-linux-gnu.tar.gz"
url_api = "https://api.github.com/repos/BurntSushi/ripgrep/releases/assets/478119579"

[tools.ripgrep."platforms.linux-x64"]
checksum = "sha256:33e15bcf1624b25cdd2a55813a47a2f95dbe126268203e76aa6a585d1e7b149c"
url = "https://github.com/BurntSushi/ripgrep/releases/download/15.2.0/ripgrep-15.2.0-x86_64-unknown-linux-musl.tar.gz"
url_api = "https://api.github.com/repos/BurntSushi/ripgrep/releases/assets/478120097"

[[tools.rust]]
version = "stable"
backend = "core:rust"
specifiers = ["stable"]

[tools.rust.options]
components = "rust-src"

[[tools.rust]]
version = "nightly-2026-10-07"
backend = "core:rust"
specifiers = ["nightly"]

[tools.rust.options]
components = "miri,rust-src"

[[tools.sccache]]
version = "0.18.0"
backend = "aqua:mozilla/sccache"
specifiers = ["latest"]

[tools.sccache."platforms.linux-arm64"]
checksum = "sha256:2b3284d5da3b46a47dc4229e75bb7b88ac4aa99c8d754fb7d2f84997e5a4354a"
url = "https://github.com/mozilla/sccache/releases/download/v0.18.0/sccache-v0.18.0-aarch64-unknown-linux-musl.tar.gz"
url_api = "https://api.github.com/repos/mozilla/sccache/releases/assets/563129830"

[tools.sccache."platforms.linux-x64"]
checksum = "sha256:45f1447fbe231e3037bde351ef70677dd212216c8d62ae7ca409fecc4d6acc89"
url = "https://github.com/mozilla/sccache/releases/download/v0.18.0/sccache-v0.18.0-x86_64-unknown-linux-musl.tar.gz"
url_api = "https://api.github.com/repos/mozilla/sccache/releases/assets/563130201"
