# @generated - this file is auto-generated by `mise lock` https://mise.jdx.dev/dev-tools/mise-lock.html

lockfile_version = 3

[[tools."aqua:anomalyco/opencode"]]
version = "1.18.35"
backend = "aqua:anomalyco/opencode"
specifiers = ["latest"]

[tools."aqua:anomalyco/opencode"."platforms.linux-arm64"]
checksum = "sha256:f7f2ba59ee8aa94d388f9696575a32d20e71c2ee48def9f80fc693a60fec6c72"
url = "https://github.com/anomalyco/opencode/releases/download/v1.18.35/opencode-linux-arm64.tar.gz"
url_api = "https://api.github.com/repos/anomalyco/opencode/releases/assets/616520289"

[tools."aqua:anomalyco/opencode"."platforms.linux-x64"]
checksum = "sha256:c8f888b451f5494a18f858fffb0e0b68f4e4baa9c241761c5f206884f0fa640d"
url = "https://github.com/anomalyco/opencode/releases/download/v1.18.35/opencode-linux-x64.tar.gz"
url_api = "https://api.github.com/repos/anomalyco/opencode/releases/assets/616520362"

[[tools."aqua:anthropics/claude-code"]]
version = "2.1.296"
backend = "aqua:anthropics/claude-code"
specifiers = ["latest"]

[tools."aqua:anthropics/claude-code"."platforms.linux-arm64"]
checksum = "sha256:c644ad3e5ca3367e75d198194189d13180f33c491304c2d19557f7c1e8d5e0a6"
url = "https://github.com/anthropics/claude-code/releases/download/v2.1.296/claude-linux-arm64.tar.gz"
url_api = "https://api.github.com/repos/anthropics/claude-code/releases/assets/625598711"

[tools."aqua:anthropics/claude-code"."platforms.linux-x64"]
checksum = "sha256:45fe2b33f5cbdd114309618970bcd90b8b163e34252d66cf100d7e068d9b831d"
url = "https://github.com/anthropics/claude-code/releases/download/v2.1.296/claude-linux-x64.tar.gz"
url_api = "https://api.github.com/repos/anthropics/claude-code/releases/assets/625598991"

[[tools."aqua:google-antigravity/antigravity-cli"]]
version = "1.3.3"
backend = "aqua:google-antigravity/antigravity-cli"
specifiers = ["latest"]

[tools."aqua:google-antigravity/antigravity-cli"."platforms.linux-arm64"]
checksum = "sha256:a9d23fe1d7e5c8471881ab37723571a8d3f24e6ecace8fe082f8c0c8d90f41ca"
url = "https://github.com/google-antigravity/antigravity-cli/releases/download/1.3.3/agy_cli_linux_arm64.tar.gz"
url_api = "https://api.github.com/repos/google-antigravity/antigravity-cli/releases/assets/626854050"

[tools."aqua:google-antigravity/antigravity-cli"."platforms.linux-x64"]
checksum = "sha256:8ee3ca32574c431285efbf4d4732f7f8d53e959370bc4a61646e4fa496f7f2b6"
url = "https://github.com/google-antigravity/antigravity-cli/releases/download/1.3.3/agy_cli_linux_x64.tar.gz"
url_api = "https://api.github.com/repos/google-antigravity/antigravity-cli/releases/assets/626854055"

[[tools."aqua:jetify-com/devbox"]]
version = "0.18.4"
backend = "aqua:jetify-com/devbox"
specifiers = ["latest"]

[tools."aqua:jetify-com/devbox"."platforms.linux-arm64"]
checksum = "sha256:313ecedab221aa674484a5815006e17a065ba3bfd07ab6de8aeab38fa483db27"
url = "https://github.com/jetify-com/devbox/releases/download/0.18.4/devbox_0.18.4_linux_arm64.tar.gz"
url_api = "https://api.github.com/repos/jetify-com/devbox/releases/assets/588943536"

[tools."aqua:jetify-com/devbox"."platforms.linux-x64"]
checksum = "sha256:4a466a8788186da73f3c692697917c79452b758f40b454b4761e6d1fcd2acad9"
url = "https://github.com/jetify-com/devbox/releases/download/0.18.4/devbox_0.18.4_linux_amd64.tar.gz"
url_api = "https://api.github.com/repos/jetify-com/devbox/releases/assets/588943531"

[[tools.cargo-binstall]]
version = "1.25.3"
backend = "aqua:cargo-bins/cargo-binstall"
specifiers = ["latest"]

[tools.cargo-binstall."platforms.linux-arm64"]
checksum = "sha256:6beb20bdaa19033d51e296a3610e812e0b41f43bd6646287e4d510b3256bcda0"
url = "https://github.com/cargo-bins/cargo-binstall/releases/download/v1.25.3/cargo-binstall-aarch64-unknown-linux-gnu.tgz"
url_api = "https://api.github.com/repos/cargo-bins/cargo-binstall/releases/assets/628281059"
provenance = "github-attestations"

[tools.cargo-binstall."platforms.linux-x64"]
checksum = "sha256:a974ce4e525edfb78f953869cbe7c1b57d00ae04358adc1ae47462120d80bb6c"
url = "https://github.com/cargo-bins/cargo-binstall/releases/download/v1.25.3/cargo-binstall-x86_64-unknown-linux-gnu.tgz"
url_api = "https://api.github.com/repos/cargo-bins/cargo-binstall/releases/assets/628280029"
provenance = "github-attestations"

[[tools."cargo:cargo-audit"]]
version = "0.22.2"
backend = "cargo:cargo-audit"
specifiers = ["latest"]

[[tools."cargo:cargo-bloat"]]
version = "0.12.1"
backend = "cargo:cargo-bloat"
specifiers = ["latest"]

[[tools."cargo:cargo-edit"]]
version = "0.13.13"
backend = "cargo:cargo-edit"
specifiers = ["latest"]

[[tools."cargo:cargo-expand"]]
version = "1.0.127"
backend = "cargo:cargo-expand"
specifiers = ["latest"]

[[tools."cargo:cargo-geiger"]]
version = "0.13.0"
backend = "cargo:cargo-geiger"
specifiers = ["latest"]

[[tools."cargo:cargo-nextest"]]
version = "0.9.148"
backend = "cargo:cargo-nextest"
specifiers = ["latest"]

[[tools."cargo:cargo-show-asm"]]
version = "0.2.63"
backend = "cargo:cargo-show-asm"
specifiers = ["latest"]

[[tools."cargo:cargo-sweep"]]
version = "0.8.0"
backend = "cargo:cargo-sweep"
specifiers = ["latest"]

[[tools."cargo:flamegraph"]]
version = "0.6.14"
backend = "cargo:flamegraph"
specifiers = ["latest"]

[[tools."cargo:samply"]]
version = "0.13.1"
backend = "cargo:samply"
specifiers = ["latest"]

[[tools."cargo:wasm-bindgen-cli"]]
version = "0.2.129"
backend = "cargo:wasm-bindgen-cli"
specifiers = ["latest"]

[[tools."cargo:wasm-pack"]]
version = "0.15.0"
backend = "cargo:wasm-pack"
specifiers = ["latest"]

[[tools."cargo:wasmi_cli"]]
version = "2.0.0"
backend = "cargo:wasmi_cli"
specifiers = ["latest"]

[[tools.gh]]
version = "2.102.0"
backend = "aqua:cli/cli"
specifiers = ["latest"]

[tools.gh."platforms.linux-arm64"]
checksum = "sha256:7862c86c72f43df3a2d93ddde6f473285b4e2af61b494849846827e513ef6484"
url = "https://github.com/cli/cli/releases/download/v2.102.0/gh_2.102.0_linux_arm64.tar.gz"
url_api = "https://api.github.com/repos/cli/cli/releases/assets/599854680"
provenance = "github-attestations"

[tools.gh."platforms.linux-x64"]
checksum = "sha256:bb766f710eef8ede859c18578c72c327597cd4c8a85b06001b1f3843c6019386"
url = "https://github.com/cli/cli/releases/download/v2.102.0/gh_2.102.0_linux_amd64.tar.gz"
url_api = "https://api.github.com/repos/cli/cli/releases/assets/599854672"
provenance = "github-attestations"

[[tools.jq]]
version = "1.8.2"
backend = "aqua:jqlang/jq"
specifiers = ["latest"]

[tools.jq."platforms.linux-arm64"]
checksum = "sha256:8b85c817833814ddca00a144c33705546355afccf0cf39b188f3cdb48b852309"
url = "https://github.com/jqlang/jq/releases/download/jq-1.8.2/jq-linux-arm64"
url_api = "https://api.github.com/repos/jqlang/jq/releases/assets/453012756"
provenance = "github-attestations"

[tools.jq."platforms.linux-x64"]
checksum = "sha256:b1c22172dd303f3be49e935aa56aa48a8b7a46e0bc838b4997d3bb451495870f"
url = "https://github.com/jqlang/jq/releases/download/jq-1.8.2/jq-linux-amd64"
url_api = "https://api.github.com/repos/jqlang/jq/releases/assets/453012752"
provenance = "github-attestations"

[[tools.node]]
version = "26.11.1"
backend = "core:node"
specifiers = ["latest"]

[tools.node."platforms.linux-arm64"]
checksum = "sha256:170454fb022f5e9b5f6cc76c25fa32ef5100895be44eb04e92f9780591491bbf"
url = "https://nodejs.org/dist/v26.11.1/node-v26.11.1-linux-arm64.tar.gz"

[tools.node."platforms.linux-x64"]
checksum = "sha256:15fc043a51a5783f2f4b634561091658f5a7f0e3db03f997dca3a8033a33e45b"
url = "https://nodejs.org/dist/v26.11.1/node-v26.11.1-linux-x64.tar.gz"

[[tools."npm:@openai/codex"]]
version = "0.162.1"
aube = { path = ".mise/locks/npm-openai-codex/0.162.1", digest = "sha256:99ad7a775d73d3c9db9e1aa65d8394cfccac336f913a0695935f95266e72ed4d" }
backend = "npm:@openai/codex"
specifiers = ["latest"]

[[tools."npm:@yarnpkg/cli-dist"]]
version = "4.18.1"
aube = { path = ".mise/locks/npm-yarnpkg-cli-dist/4.18.1", digest = "sha256:5dd087387a3d871bb0ec31fb7eb7d3160af85935d9abd0481619571b8f759196" }
backend = "npm:@yarnpkg/cli-dist"
specifiers = ["latest"]

[[tools.pnpm]]
version = "12.10.1"
backend = "aqua:pnpm/pnpm"
specifiers = ["latest"]

[tools.pnpm."platforms.linux-arm64"]
checksum = "sha256:18dbb118de1dbef0e4516c17bf847d6ee206fc4deffb2bb488ec8e1d2814e078"
url = "https://github.com/pnpm/pnpm/releases/download/v12.10.1/pnpm-linux-arm64.tar.gz"
url_api = "https://api.github.com/repos/pnpm/pnpm/releases/assets/616153643"
provenance = "github-attestations"

[tools.pnpm."platforms.linux-x64"]
checksum = "sha256:502a275984a4cd01e5579ac72049a241091cac5118e44becf84951130c3e079e"
url = "https://github.com/pnpm/pnpm/releases/download/v12.10.1/pnpm-linux-x64.tar.gz"
url_api = "https://api.github.com/repos/pnpm/pnpm/releases/assets/616153639"
provenance = "github-attestations"

[[tools.python]]
version = "3.15.0"
backend = "core:python"
specifiers = ["latest"]

[tools.python."platforms.linux-arm64"]
checksum = "sha256:00345e47b7f42d10ec60d28b2ccad6b1f33c40697f0ae57ee15d70896efad0b5"
url = "https://github.com/astral-sh/python-build-standalone/releases/download/20261009/cpython-3.15.0+20261009-aarch64-unknown-linux-gnu-install_only_stripped.tar.gz"
provenance = "github-attestations"

[tools.python."platforms.linux-x64"]
checksum = "sha256:46edc8f6fccade47dc38001ef2d4094d9cedd21a1863d9b44b2a02c1ee76b94d"
url = "https://github.com/astral-sh/python-build-standalone/releases/download/20261009/cpython-3.15.0+20261009-x86_64-unknown-linux-gnu-install_only_stripped.tar.gz"
provenance = "github-attestations"

[[tools.ripgrep]]
version = "15.2.0"
backend = "aqua:BurntSushi/ripgrep"
specifiers = ["latest"]

[tools.ripgrep."platforms.linux-arm64"]
checksum = "sha256:a740b91c82eaf9914cfedd353572f2791cbe0162c84101ee0951058f4dcbc90d"
url = "https://github.com/BurntSushi/ripgrep/releases/download/15.2.0/ripgrep-15.2.0-aarch64-unknown-linux-gnu.tar.gz"
url_api = "https://api.github.com/repos/BurntSushi/ripgrep/releases/assets/478119579"

[tools.ripgrep."platforms.linux-x64"]
checksum = "sha256:33e15bcf1624b25cdd2a55813a47a2f95dbe126268203e76aa6a585d1e7b149c"
url = "https://github.com/BurntSushi/ripgrep/releases/download/15.2.0/ripgrep-15.2.0-x86_64-unknown-linux-musl.tar.gz"
url_api = "https://api.github.com/repos/BurntSushi/ripgrep/releases/assets/478120097"

[[tools.rust]]
version = "stable"
backend = "core:rust"
specifiers = ["stable"]

[tools.rust.options]
components = "rust-src"
targets = "wasm32-unknown-unknown"

[[tools.rust]]
version = "nightly-2026-10-10"
backend = "core:rust"
specifiers = ["nightly"]

[tools.rust.options]
components = "rust-src"
targets = "wasm32-unknown-unknown"

[[tools.sccache]]
version = "0.18.0"
backend = "aqua:mozilla/sccache"
specifiers = ["latest"]

[tools.sccache."platforms.linux-arm64"]
checksum = "sha256:2b3284d5da3b46a47dc4229e75bb7b88ac4aa99c8d754fb7d2f84997e5a4354a"
url = "https://github.com/mozilla/sccache/releases/download/v0.18.0/sccache-v0.18.0-aarch64-unknown-linux-musl.tar.gz"
url_api = "https://api.github.com/repos/mozilla/sccache/releases/assets/563129830"

[tools.sccache."platforms.linux-x64"]
checksum = "sha256:45f1447fbe231e3037bde351ef70677dd212216c8d62ae7ca409fecc4d6acc89"
url = "https://github.com/mozilla/sccache/releases/download/v0.18.0/sccache-v0.18.0-x86_64-unknown-linux-musl.tar.gz"
url_api = "https://api.github.com/repos/mozilla/sccache/releases/assets/563130201"
